// !$*UTF8*$!
{
	archiveVersion = 1;
	classes = {
	};
	objectVersion = 48;
	objects = {

/* Begin PBXBuildFile section */
		D3EBDB541FFF7C58000F4F72 /* AppDelegate.m in Sources */ = {isa = PBXBuildFile; fileRef = D3EBDB531FFF7C58000F4F72 /* AppDelegate.m */; };
		D3EBDB5A1FFF7C58000F4F72 /* Main.storyboard in Resources */ = {isa = PBXBuildFile; fileRef = D3EBDB581FFF7C58000F4F72 /* Main.storyboard */; };
		D3EBDB5C1FFF7C58000F4F72 /* Assets.xcassets in Resources */ = {isa = PBXBuildFile; fileRef = D3EBDB5B1FFF7C58000F4F72 /* Assets.xcassets */; };
		D3EBDB5F1FFF7C58000F4F72 /* LaunchScreen.storyboard in Resources */ = {isa = PBXBuildFile; fileRef = D3EBDB5D1FFF7C58000F4F72 /* LaunchScreen.storyboard */; };
		D3EBDB621FFF7C58000F4F72 /* main.m in Sources */ = {isa = PBXBuildFile; fileRef = D3EBDB611FFF7C58000F4F72 /* main.m */; };
		D3EBDB6C1FFF7CFA000F4F72 /* FirstViewController.m in Sources */ = {isa = PBXBuildFile; fileRef = D3EBDB6B1FFF7CFA000F4F72 /* FirstViewController.m */; };
		D3EBDB6F1FFF7D29000F4F72 /* SecondViewController.m in Sources */ = {isa = PBXBuildFile; fileRef = D3EBDB6E1FFF7D29000F4F72 /* SecondViewController.m */; };
		D3EBDB751FFF7D7C000F4F72 /* RootTabBarViewController.m in Sources */ = {isa = PBXBuildFile; fileRef = D3EBDB741FFF7D7C000F4F72 /* RootTabBarViewController.m */; };
/* End PBXBuildFile section */

/* Begin PBXFileReference section */
		D3EBDB4F1FFF7C58000F4F72 /* TabBarControl.app */ = {isa = PBXFileReference; explicitFileType = wrapper.application; includeInIndex = 0; path = TabBarControl.app; sourceTree = BUILT_PRODUCTS_DIR; };
		D3EBDB521FFF7C58000F4F72 /* AppDelegate.h */ = {isa = PBXFileReference; lastKnownFileType = sourcecode.c.h; path = AppDelegate.h; sourceTree = "<group>"; };
		D3EBDB531FFF7C58000F4F72 /* AppDelegate.m */ = {isa = PBXFileReference; lastKnownFileType = sourcecode.c.objc; path = AppDelegate.m; sourceTree = "<group>"; };
		D3EBDB591FFF7C58000F4F72 /* Base */ = {isa = PBXFileReference; lastKnownFileType = file.storyboard; name = Base; path = Base.lproj/Main.storyboard; sourceTree = "<group>"; };
		D3EBDB5B1FFF7C58000F4F72 /* Assets.xcassets */ = {isa = PBXFileReference; lastKnownFileType = folder.assetcatalog; path = Assets.xcassets; sourceTree = "<group>"; };
		D3EBDB5E1FFF7C58000F4F72 /* Base */ = {isa = PBXFileReference; lastKnownFileType = file.storyboard; name = Base; path = Base.lproj/LaunchScreen.storyboard; sourceTree = "<group>"; };
		D3EBDB601FFF7C58000F4F72 /* Info.plist */ = {isa = PBXFileReference; lastKnownFileType = text.plist.xml; path = Info.plist; sourceTree = "<group>"; };
		D3EBDB611FFF7C58000F4F72 /* main.m */ = {isa = PBXFileReference; lastKnownFileType = sourcecode.c.objc; path = main.m; sourceTree = "<group>"; };
		D3EBDB6A1FFF7CFA000F4F72 /* FirstViewController.h */ = {isa = PBXFileReference; lastKnownFileType = sourcecode.c.h; path = FirstViewController.h; sourceTree = "<group>"; };
		D3EBDB6B1FFF7CFA000F4F72 /* FirstViewController.m */ = {isa = PBXFileReference; lastKnownFileType = sourcecode.c.objc; path = FirstViewController.m; sourceTree = "<group>"; };
		D3EBDB6D1FFF7D29000F4F72 /* SecondViewController.h */ = {isa = PBXFileReference; lastKnownFileType = sourcecode.c.h; path = SecondViewController.h; sourceTree = "<group>"; };
		D3EBDB6E1FFF7D29000F4F72 /* SecondViewController.m */ = {isa = PBXFileReference; lastKnownFileType = sourcecode.c.objc; path = SecondViewController.m; sourceTree = "<group>"; };
		D3EBDB731FFF7D7C000F4F72 /* RootTabBarViewController.h */ = {isa = PBXFileReference; lastKnownFileType = sourcecode.c.h; path = RootTabBarViewController.h; sourceTree = "<group>"; };
		D3EBDB741FFF7D7C000F4F72 /* RootTabBarViewController.m */ = {isa = PBXFileReference; lastKnownFileType = sourcecode.c.objc; path = RootTabBarViewController.m; sourceTree = "<group>"; };
/* End PBXFileReference section */

/* Begin PBXFrameworksBuildPhase section */
		D3EBDB4C1FFF7C58000F4F72 /* Frameworks */ = {
			isa = PBXFrameworksBuildPhase;
			buildActionMask = 2147483647;
			files = (
			);
			runOnlyForDeploymentPostprocessing = 0;
		};
/* End PBXFrameworksBuildPhase section */

/* Begin PBXGroup section */
		D3EBDB461FFF7C58000F4F72 = {
			isa = PBXGroup;
			children = (
				D3EBDB511FFF7C58000F4F72 /* TabBarControl */,
				D3EBDB501FFF7C58000F4F72 /* Products */,
			);
			sourceTree = "<group>";
		};
		D3EBDB501FFF7C58000F4F72 /* Products */ = {
			isa = PBXGroup;
			children = (
				D3EBDB4F1FFF7C58000F4F72 /* TabBarControl.app */,
			);
			name = Products;
			sourceTree = "<group>";
		};
		D3EBDB511FFF7C58000F4F72 /* TabBarControl */ = {
			isa = PBXGroup;
			children = (
				D3EBDB691FFF7CB4000F4F72 /* libs */,
				D3EBDB6A1FFF7CFA000F4F72 /* FirstViewController.h */,
				D3EBDB6B1FFF7CFA000F4F72 /* FirstViewController.m */,
				D3EBDB6D1FFF7D29000F4F72 /* SecondViewController.h */,
				D3EBDB6E1FFF7D29000F4F72 /* SecondViewController.m */,
				D3EBDB521FFF7C58000F4F72 /* AppDelegate.h */,
				D3EBDB531FFF7C58000F4F72 /* AppDelegate.m */,
				D3EBDB581FFF7C58000F4F72 /* Main.storyboard */,
				D3EBDB5B1FFF7C58000F4F72 /* Assets.xcassets */,
				D3EBDB5D1FFF7C58000F4F72 /* LaunchScreen.storyboard */,
				D3EBDB681FFF7CAF000F4F72 /* Supporting Files */,
			);
			path = TabBarControl;
			sourceTree = "<group>";
		};
		D3EBDB681FFF7CAF000F4F72 /* Supporting Files */ = {
			isa = PBXGroup;
			children = (
				D3EBDB601FFF7C58000F4F72 /* Info.plist */,
				D3EBDB611FFF7C58000F4F72 /* main.m */,
			);
			path = "Supporting Files";
			sourceTree = "<group>";
		};
		D3EBDB691FFF7CB4000F4F72 /* libs */ = {
			isa = PBXGroup;
			children = (
				D3EBDB731FFF7D7C000F4F72 /* RootTabBarViewController.h */,
				D3EBDB741FFF7D7C000F4F72 /* RootTabBarViewController.m */,
			);
			path = libs;
			sourceTree = "<group>";
		};
/* End PBXGroup section */

/* Begin PBXNativeTarget section */
		D3EBDB4E1FFF7C58000F4F72 /* TabBarControl */ = {
			isa = PBXNativeTarget;
			buildConfigurationList = D3EBDB651FFF7C58000F4F72 /* Build configuration list for PBXNativeTarget "TabBarControl" */;
			buildPhases = (
				D3EBDB4B1FFF7C58000F4F72 /* Sources */,
				D3EBDB4C1FFF7C58000F4F72 /* Frameworks */,
				D3EBDB4D1FFF7C58000F4F72 /* Resources */,
			);
			buildRules = (
			);
			dependencies = (
			);
			name = TabBarControl;
			productName = TabBarControl;
			productReference = D3EBDB4F1FFF7C58000F4F72 /* TabBarControl.app */;
			productType = "com.apple.product-type.application";
		};
/* End PBXNativeTarget section */

/* Begin PBXProject section */
		D3EBDB471FFF7C58000F4F72 /* Project object */ = {
			isa = PBXProject;
			attributes = {
				LastUpgradeCheck = 0920;
				ORGANIZATIONNAME = DashGeng;
				TargetAttributes = {
					D3EBDB4E1FFF7C58000F4F72 = {
						CreatedOnToolsVersion = 9.2;
						ProvisioningStyle = Automatic;
					};
				};
			};
			buildConfigurationList = D3EBDB4A1FFF7C58000F4F72 /* Build configuration list for PBXProject "TabBarControl" */;
			compatibilityVersion = "Xcode 8.0";
			developmentRegion = en;
			hasScannedForEncodings = 0;
			knownRegions = (
				en,
				Base,
			);
			mainGroup = D3EBDB461FFF7C58000F4F72;
			productRefGroup = D3EBDB501FFF7C58000F4F72 /* Products */;
			projectDirPath = "";
			projectRoot = "";
			targets = (
				D3EBDB4E1FFF7C58000F4F72 /* TabBarControl */,
			);
		};
/* End PBXProject section */

/* Begin PBXResourcesBuildPhase section */
		D3EBDB4D1FFF7C58000F4F72 /* Resources */ = {
			isa = PBXResourcesBuildPhase;
			buildActionMask = 2147483647;
			files = (
				D3EBDB5F1FFF7C58000F4F72 /* LaunchScreen.storyboard in Resources */,
				D3EBDB5C1FFF7C58000F4F72 /* Assets.xcassets in Resources */,
				D3EBDB5A1FFF7C58000F4F72 /* Main.storyboard in Resources */,
			);
			runOnlyForDeploymentPostprocessing = 0;
		};
/* End PBXResourcesBuildPhase section */

/* Begin PBXSourcesBuildPhase section */
		D3EBDB4B1FFF7C58000F4F72 /* Sources */ = {
			isa = PBXSourcesBuildPhase;
			buildActionMask = 2147483647;
			files = (
				D3EBDB6F1FFF7D29000F4F72 /* SecondViewController.m in Sources */,
				D3EBDB751FFF7D7C000F4F72 /* RootTabBarViewController.m in Sources */,
				D3EBDB621FFF7C58000F4F72 /* main.m in Sources */,
				D3EBDB6C1FFF7CFA000F4F72 /* FirstViewController.m in Sources */,
				D3EBDB541FFF7C58000F4F72 /* AppDelegate.m in Sources */,
			);
			runOnlyForDeploymentPostprocessing = 0;
		};
/* End PBXSourcesBuildPhase section */

/* Begin PBXVariantGroup section */
		D3EBDB581FFF7C58000F4F72 /* Main.storyboard */ = {
			isa = PBXVariantGroup;
			children = (
				D3EBDB591FFF7C58000F4F72 /* Base */,
			);
			name = Main.storyboard;
			sourceTree = "<group>";
		};
		D3EBDB5D1FFF7C58000F4F72 /* LaunchScreen.storyboard */ = {
			isa = PBXVariantGroup;
			children = (
				D3EBDB5E1FFF7C58000F4F72 /* Base */,
			);
			name = LaunchScreen.storyboard;
			sourceTree = "<group>";
		};
/* End PBXVariantGroup section */

/* Begin XCBuildConfiguration section */
		D3EBDB631FFF7C58000F4F72 /* Debug */ = {
			isa = XCBuildConfiguration;
			buildSettings = {
				ALWAYS_SEARCH_USER_PATHS = NO;
				CLANG_ANALYZER_NONNULL = YES;
				CLANG_ANALYZER_NUMBER_OBJECT_CONVERSION = YES_AGGRESSIVE;
				CLANG_CXX_LANGUAGE_STANDARD = "gnu++14";
				CLANG_CXX_LIBRARY = "libc++";
				CLANG_ENABLE_MODULES = YES;
				CLANG_ENABLE_OBJC_ARC = YES;
				CLANG_WARN_BLOCK_CAPTURE_AUTORELEASING = YES;
				CLANG_WARN_BOOL_CONVERSION = YES;
				CLANG_WARN_COMMA = YES;
				CLANG_WARN_CONSTANT_CONVERSION = YES;
				CLANG_WARN_DIRECT_OBJC_ISA_USAGE = YES_ERROR;
				CLANG_WARN_DOCUMENTATION_COMMENTS = YES;
				CLANG_WARN_EMPTY_BODY = YES;
				CLANG_WARN_ENUM_CONVERSION = YES;
				CLANG_WARN_INFINITE_RECURSION = YES;
				CLANG_WARN_INT_CONVERSION = YES;
				CLANG_WARN_NON_LITERAL_NULL_CONVERSION = YES;
				CLANG_WARN_OBJC_LITERAL_CONVERSION = YES;
				CLANG_WARN_OBJC_ROOT_CLASS = YES_ERROR;
				CLANG_WARN_RANGE_LOOP_ANALYSIS = YES;
				CLANG_WARN_STRICT_PROTOTYPES = YES;
				CLANG_WARN_SUSPICIOUS_MOVE = YES;
				CLANG_WARN_UNGUARDED_AVAILABILITY = YES_AGGRESSIVE;
				CLANG_WARN_UNREACHABLE_CODE = YES;
				CLANG_WARN__DUPLICATE_METHOD_MATCH = YES;
				CODE_SIGN_IDENTITY = "iPhone Developer";
				COPY_PHASE_STRIP = NO;
				DEBUG_INFORMATION_FORMAT = dwarf;
				ENABLE_STRICT_OBJC_MSGSEND = YES;
				ENABLE_TESTABILITY = YES;
				GCC_C_LANGUAGE_STANDARD = gnu11;
				GCC_DYNAMIC_NO_PIC = NO;
				GCC_NO_COMMON_BLOCKS = YES;
				GCC_OPTIMIZATION_LEVEL = 0;
				GCC_PREPROCESSOR_DEFINITIONS = (
					"DEBUG=1",
					"$(inherited)",
				);
				GCC_WARN_64_TO_32_BIT_CONVERSION = YES;
				GCC_WARN_ABOUT_RETURN_TYPE = YES_ERROR;
				GCC_WARN_UNDECLARED_SELECTOR = YES;
				GCC_WARN_UNINITIALIZED_AUTOS = YES_AGGRESSIVE;
				GCC_WARN_UNUSED_FUNCTION = YES;
				GCC_WARN_UNUSED_VARIABLE = YES;
				IPHONEOS_DEPLOYMENT_TARGET = 11.2;
				MTL_ENABLE_DEBUG_INFO = YES;
				ONLY_ACTIVE_ARCH = YES;
				SDKROOT = iphoneos;
			};
			name = Debug;
		};
		D3EBDB641FFF7C58000F4F72 /* Release */ = {
			isa = XCBuildConfiguration;
			buildSettings = {
				ALWAYS_SEARCH_USER_PATHS = NO;
				CLANG_ANALYZER_NONNULL = YES;
				CLANG_ANALYZER_NUMBER_OBJECT_CONVERSION = YES_AGGRESSIVE;
				CLANG_CXX_LANGUAGE_STANDARD = "gnu++14";
				CLANG_CXX_LIBRARY = "libc++";
				CLANG_ENABLE_MODULES = YES;
				CLANG_ENABLE_OBJC_ARC = YES;
				CLANG_WARN_BLOCK_CAPTURE_AUTORELEASING = YES;
				CLANG_WARN_BOOL_CONVERSION = YES;
				CLANG_WARN_COMMA = YES;
				CLANG_WARN_CONSTANT_CONVERSION = YES;
				CLANG_WARN_DIRECT_OBJC_ISA_USAGE = YES_ERROR;
				CLANG_WARN_DOCUMENTATION_COMMENTS = YES;
				CLANG_WARN_EMPTY_BODY = YES;
				CLANG_WARN_ENUM_CONVERSION = YES;
				CLANG_WARN_INFINITE_RECURSION = YES;
				CLANG_WARN_INT_CONVERSION = YES;
				CLANG_WARN_NON_LITERAL_NULL_CONVERSION = YES;
				CLANG_WARN_OBJC_LITERAL_CONVERSION = YES;
				CLANG_WARN_OBJC_ROOT_CLASS = YES_ERROR;
				CLANG_WARN_RANGE_LOOP_ANALYSIS = YES;
				CLANG_WARN_STRICT_PROTOTYPES = YES;
				CLANG_WARN_SUSPICIOUS_MOVE = YES;
				CLANG_WARN_UNGUARDED_AVAILABILITY = YES_AGGRESSIVE;
				CLANG_WARN_UNREACHABLE_CODE = YES;
				CLANG_WARN__DUPLICATE_METHOD_MATCH = YES;
				CODE_SIGN_IDENTITY = "iPhone Developer";
				COPY_PHASE_STRIP = NO;
				DEBUG_INFORMATION_FORMAT = "dwarf-with-dsym";
				ENABLE_NS_ASSERTIONS = NO;
				ENABLE_STRICT_OBJC_MSGSEND = YES;
				GCC_C_LANGUAGE_STANDARD = gnu11;
				GCC_NO_COMMON_BLOCKS = YES;
				GCC_WARN_64_TO_32_BIT_CONVERSION = YES;
				GCC_WARN_ABOUT_RETURN_TYPE = YES_ERROR;
				GCC_WARN_UNDECLARED_SELECTOR = YES;
				GCC_WARN_UNINITIALIZED_AUTOS = YES_AGGRESSIVE;
				GCC_WARN_UNUSED_FUNCTION = YES;
				GCC_WARN_UNUSED_VARIABLE = YES;
				IPHONEOS_DEPLOYMENT_TARGET = 11.2;
				MTL_ENABLE_DEBUG_INFO = NO;
				SDKROOT = iphoneos;
				VALIDATE_PRODUCT = YES;
			};
			name = Release;
		};
		D3EBDB661FFF7C58000F4F72 /* Debug */ = {
			isa = XCBuildConfiguration;
			buildSettings = {
				ASSETCATALOG_COMPILER_APPICON_NAME = AppIcon;
				CODE_SIGN_STYLE = Automatic;
				DEVELOPMENT_TEAM = 8M6N4AMW5H;
				INFOPLIST_FILE = "$(SRCROOT)/TabBarControl/Supporting Files/Info.plist";
				LD_RUNPATH_SEARCH_PATHS = "$(inherited) @executable_path/Frameworks";
				PRODUCT_BUNDLE_IDENTIFIER = com.dashgeng.TabBarControl;
				PRODUCT_NAME = "$(TARGET_NAME)";
				TARGETED_DEVICE_FAMILY = "1,2";
			};
			name = Debug;
		};
		D3EBDB671FFF7C58000F4F72 /* Release */ = {
			isa = XCBuildConfiguration;
			buildSettings = {
				ASSETCATALOG_COMPILER_APPICON_NAME = AppIcon;
				CODE_SIGN_STYLE = Automatic;
				DEVELOPMENT_TEAM = 8M6N4AMW5H;
				INFOPLIST_FILE = "$(SRCROOT)/TabBarControl/Supporting Files/Info.plist";
				LD_RUNPATH_SEARCH_PATHS = "$(inherited) @executable_path/Frameworks";
				PRODUCT_BUNDLE_IDENTIFIER = com.dashgeng.TabBarControl;
				PRODUCT_NAME = "$(TARGET_NAME)";
				TARGETED_DEVICE_FAMILY = "1,2";
			};
			name = Release;
		};
/* End XCBuildConfiguration section */

/* Begin XCConfigurationList section */
		D3EBDB4A1FFF7C58000F4F72 /* Build configuration list for PBXProject "TabBarControl" */ = {
			isa = XCConfigurationList;
			buildConfigurations = (
				D3EBDB631FFF7C58000F4F72 /* Debug */,
				D3EBDB641FFF7C58000F4F72 /* Release */,
			);
			defaultConfigurationIsVisible = 0;
			defaultConfigurationName = Release;
		};
		D3EBDB651FFF7C58000F4F72 /* Build configuration list for PBXNativeTarget "TabBarControl" */ = {
			isa = XCConfigurationList;
			buildConfigurations = (
				D3EBDB661FFF7C58000F4F72 /* Debug */,
				D3EBDB671FFF7C58000F4F72 /* Release */,
			);
			defaultConfigurationIsVisible = 0;
			defaultConfigurationName = Release;
		};
/* End XCConfigurationList section */
	};
	rootObject = D3EBDB471FFF7C58000F4F72 /* Project object */;
}
